PODS:
  - R.swift (2.5.0):
    - R.swift.Library (~> 2.3.0)
  - R.swift.Library (2.3.0)
  - RxCocoa (2.6.0):
    - RxSwift (~> 2.5)
  - RxSwift (2.6.0)
  - SegueKit/Core (2.0.0-beta.1)
  - SegueKit/Extension (2.0.0-beta.1):
    - R.swift (~> 2.0)
    - RxSwift (~> 2.0)
    - SegueKit/Core
    - SegueKit/R.swift
    - SegueKit/RxSwift
  - SegueKit/R.swift (2.0.0-beta.1):
    - R.swift (~> 2.0)
    - SegueKit/Core
  - SegueKit/RxSwift (2.0.0-beta.1):
    - RxSwift (~> 2.0)
    - SegueKit/Core

DEPENDENCIES:
  - RxCocoa (~> 2.0)
  - SegueKit/Extension (from `../`)

EXTERNAL SOURCES:
  SegueKit:
    :path: "../"

SPEC CHECKSUMS:
  R.swift: 01b9966e8dbe587a11ca2f65a1834dac2fa7b247
  R.swift.Library: 75df6abfd22492c852136c4d7b6a9ca21664772a
  RxCocoa: 89ab00d5753502520227940e3a0e0a0413683c6b
  RxSwift: 77f3a0b15324baa7a1c9bfa9f199648a82424e26
  SegueKit: ad44ff47eb5bb6dbf045aec7e28f6890ea133136

PODFILE CHECKSUM: 29ca9d6626205a5fc09f6d3da8f7dce51d5a9d8f

COCOAPODS: 1.1.0.beta.2
