PODS:
  - R.swift (2.3.0):
    - R.swift.Library (~> 2.1.0)
  - R.swift.Library (2.1.0)

DEPENDENCIES:
  - R.swift

SPEC CHECKSUMS:
  R.swift: 38b2191a603c3d491a09baddfb4ccc7aa9be4d9d
  R.swift.Library: e5e077ed04f6867a95676af491650091b23518e9

PODFILE CHECKSUM: f9d34b2913d103c54cdec5e22754132d1729b1ed

COCOAPODS: 1.0.0
